<?xml version="1.0" encoding="utf-8"?>
<Project ToolsVersion="4.0" xmlns="http://schemas.microsoft.com/developer/msbuild/2003">
  <ItemGroup>
    <ClCompile Include="main.cpp" />
    <ClCompile Include="Game\AnimData.cpp">
      <Filter>Game</Filter>
    </ClCompile>
    <ClCompile Include="Base\Base.cpp">
      <Filter>Base</Filter>
    </ClCompile>
    <ClCompile Include="Game\Effect.cpp">
      <Filter>Game</Filter>
    </ClCompile>
    <ClCompile Include="Game\Game.cpp">
      <Filter>Game</Filter>
    </ClCompile>
    <ClCompile Include="Game\Effect_Ring.cpp">
      <Filter>Game</Filter>
    </ClCompile>
    <ClCompile Include="Game\GameData.cpp">
      <Filter>Game</Filter>
    </ClCompile>
    <ClCompile Include="Title\Title.cpp">
      <Filter>Title</Filter>
    </ClCompile>
    <ClCompile Include="Character\Enemy.cpp">
      <Filter>Character</Filter>
    </ClCompile>
    <ClCompile Include="Character\Player.cpp">
      <Filter>Character</Filter>
    </ClCompile>
    <ClCompile Include="Item\Item.cpp">
      <Filter>Item</Filter>
    </ClCompile>
    <ClCompile Include="Attack\Player_Bullet1.cpp">
      <Filter>Attack</Filter>
    </ClCompile>
    <ClCompile Include="Attack\EnemyBullet.cpp">
      <Filter>Attack</Filter>
    </ClCompile>
    <ClCompile Include="Attack\Player_Bullet2.cpp">
      <Filter>Attack</Filter>
    </ClCompile>
    <ClCompile Include="UI\Gauge.cpp">
      <Filter>UI</Filter>
    </ClCompile>
    <ClCompile Include="UI\UI.cpp">
      <Filter>UI</Filter>
    </ClCompile>
    <ClCompile Include="Item\Goal.cpp">
      <Filter>Item</Filter>
    </ClCompile>
    <ClCompile Include="Item\Goal2.cpp">
      <Filter>Item</Filter>
    </ClCompile>
    <ClCompile Include="Item\start.cpp">
      <Filter>Item</Filter>
    </ClCompile>
    <ClCompile Include="UI\Menu.cpp">
      <Filter>UI</Filter>
    </ClCompile>
    <ClCompile Include="Map\Map.cpp">
      <Filter>Map</Filter>
    </ClCompile>
    <ClCompile Include="Attack\Slash.cpp">
      <Filter>Attack</Filter>
    </ClCompile>
    <ClCompile Include="Map\AreaChange.cpp">
      <Filter>Map</Filter>
    </ClCompile>
    <ClCompile Include="Map\fmfmap.cpp">
      <Filter>Map</Filter>
    </ClCompile>
    <ClCompile Include="Gimmick\Door.cpp">
      <Filter>Gimmick</Filter>
    </ClCompile>
  </ItemGroup>
  <ItemGroup>
    <Filter Include="Game">
      <UniqueIdentifier>{3f01e8b2-9cb0-43f7-a56b-0dde0f51209f}</UniqueIdentifier>
    </Filter>
    <Filter Include="Title">
      <UniqueIdentifier>{e422f2a6-4fee-4215-994b-db32a61a15a6}</UniqueIdentifier>
    </Filter>
    <Filter Include="Character">
      <UniqueIdentifier>{678b57ff-99f0-417d-ace4-30ce8fba1d9c}</UniqueIdentifier>
    </Filter>
    <Filter Include="Attack">
      <UniqueIdentifier>{93f2e2c5-1f92-4f33-8ddc-c285fe520103}</UniqueIdentifier>
    </Filter>
    <Filter Include="Item">
      <UniqueIdentifier>{435511ab-d04a-45f3-a5ec-54a2bc772232}</UniqueIdentifier>
    </Filter>
    <Filter Include="Base">
      <UniqueIdentifier>{92d21a0f-3d8d-4a8b-8c39-31fd384788c0}</UniqueIdentifier>
    </Filter>
    <Filter Include="UI">
      <UniqueIdentifier>{fef933ef-32d7-4922-bff6-4921aff00c25}</UniqueIdentifier>
    </Filter>
    <Filter Include="Gimmick">
      <UniqueIdentifier>{ff7d5400-e739-41d8-a5cf-602ce2de3390}</UniqueIdentifier>
    </Filter>
    <Filter Include="Map">
      <UniqueIdentifier>{342dec2d-0881-4b2c-a9b6-5f01d3d12d4a}</UniqueIdentifier>
    </Filter>
  </ItemGroup>
  <ItemGroup>
    <ClInclude Include="Game\AnimData.h">
      <Filter>Game</Filter>
    </ClInclude>
    <ClInclude Include="Base\Base.h">
      <Filter>Base</Filter>
    </ClInclude>
    <ClInclude Include="Game\Effect.h">
      <Filter>Game</Filter>
    </ClInclude>
    <ClInclude Include="Game\Game.h">
      <Filter>Game</Filter>
    </ClInclude>
    <ClInclude Include="Game\Effect_Ring.h">
      <Filter>Game</Filter>
    </ClInclude>
    <ClInclude Include="Game\GameData.h">
      <Filter>Game</Filter>
    </ClInclude>
    <ClInclude Include="Title\Title.h">
      <Filter>Title</Filter>
    </ClInclude>
    <ClInclude Include="Character\Enemy.h">
      <Filter>Character</Filter>
    </ClInclude>
    <ClInclude Include="Item\Item.h">
      <Filter>Item</Filter>
    </ClInclude>
    <ClInclude Include="Attack\Player_Bullet1.h">
      <Filter>Attack</Filter>
    </ClInclude>
    <ClInclude Include="Attack\EnemyBullet.h">
      <Filter>Attack</Filter>
    </ClInclude>
    <ClInclude Include="Attack\Player_Bullet2.h">
      <Filter>Attack</Filter>
    </ClInclude>
    <ClInclude Include="UI\Gauge.h">
      <Filter>UI</Filter>
    </ClInclude>
    <ClInclude Include="UI\UI.h">
      <Filter>UI</Filter>
    </ClInclude>
    <ClInclude Include="Item\Goal.h">
      <Filter>Item</Filter>
    </ClInclude>
    <ClInclude Include="Item\Goal2.h">
      <Filter>Item</Filter>
    </ClInclude>
    <ClInclude Include="Item\start.h">
      <Filter>Item</Filter>
    </ClInclude>
    <ClInclude Include="UI\Menu.h">
      <Filter>UI</Filter>
    </ClInclude>
    <ClInclude Include="Character\Player.h">
      <Filter>Character</Filter>
    </ClInclude>
    <ClInclude Include="Map\Map.h">
      <Filter>Map</Filter>
    </ClInclude>
    <ClInclude Include="Attack\Slash.h">
      <Filter>Attack</Filter>
    </ClInclude>
    <ClInclude Include="Map\AreaChange.h">
      <Filter>Map</Filter>
    </ClInclude>
    <ClInclude Include="Map\fmfmap.h">
      <Filter>Map</Filter>
    </ClInclude>
    <ClInclude Include="Gimmick\Door.h">
      <Filter>Gimmick</Filter>
    </ClInclude>
  </ItemGroup>
</Project>